# generated by rye
# use `rye lock` or `rye sync` to update this lockfile
#
# last locked with the following flags:
#   pre: false
#   features: []
#   all-features: false

-e file:.
certifi==2023.11.17
charset-normalizer==3.3.2
contourpy==1.2.0
cycler==0.12.1
fonttools==4.46.0
idna==3.6
kiwisolver==1.4.5
matplotlib==3.8.2
mecab-python3==1.0.8
numpy==1.26.2
packaging==23.2
pillow==10.1.0
plac==1.4.2
pyparsing==3.1.1
python-dateutil==2.8.2
requests==2.31.0
six==1.16.0
tqdm==4.66.1
unidic==1.1.0
urllib3==2.1.0
wasabi==0.10.1
wordcloud==1.9.3
